
Microsoft Visual Studio Solution File, Format Version 12.00
# Visual Studio 15
VisualStudioVersion = 15.0.28307.329
MinimumVisualStudioVersion = 10.0.40219.1
Project("{8BC9CEB8-8B4A-11D0-8D11-00A0C91BC942}") = "git测试demo", "git测试demo\git测试demo.vcxproj", "{A8772065-E68E-4114-9229-3202AF4BAED1}"
EndProject
Project("{8BC9CEB8-8B4A-11D0-8D11-00A0C91BC942}") = "staticlib", "staticlib\staticlib.vcxproj", "{6E402239-A02D-4996-965E-67250A3D1F2D}"
EndProject
Project("{8BC9CEB8-8B4A-11D0-8D11-00A0C91BC942}") = "staticTest", "staticTest\staticTest.vcxproj", "{3DB5DD49-B918-4253-B2FB-6AD763819B53}"
EndProject
Global
	GlobalSection(SolutionConfigurationPlatforms) = preSolution
		Debug|x64 = Debug|x64
		Debug|x86 = Debug|x86
		Release|x64 = Release|x64
		Release|x86 = Release|x86
	EndGlobalSection
	GlobalSection(ProjectConfigurationPlatforms) = postSolution
		{A8772065-E68E-4114-9229-3202AF4BAED1}.Debug|x64.ActiveCfg = Debug|x64
		{A8772065-E68E-4114-9229-3202AF4BAED1}.Debug|x64.Build.0 = Debug|x64
		{A8772065-E68E-4114-9229-3202AF4BAED1}.Debug|x86.ActiveCfg = Debug|Win32
		{A8772065-E68E-4114-9229-3202AF4BAED1}.Debug|x86.Build.0 = Debug|Win32
		{A8772065-E68E-4114-9229-3202AF4BAED1}.Release|x64.ActiveCfg = Release|x64
		{A8772065-E68E-4114-9229-3202AF4BAED1}.Release|x64.Build.0 = Release|x64
		{A8772065-E68E-4114-9229-3202AF4BAED1}.Release|x86.ActiveCfg = Release|Win32
		{A8772065-E68E-4114-9229-3202AF4BAED1}.Release|x86.Build.0 = Release|Win32
		{6E402239-A02D-4996-965E-67250A3D1F2D}.Debug|x64.ActiveCfg = Debug|x64
		{6E402239-A02D-4996-965E-67250A3D1F2D}.Debug|x64.Build.0 = Debug|x64
		{6E402239-A02D-4996-965E-67250A3D1F2D}.Debug|x86.ActiveCfg = Debug|Win32
		{6E402239-A02D-4996-965E-67250A3D1F2D}.Debug|x86.Build.0 = Debug|Win32
		{6E402239-A02D-4996-965E-67250A3D1F2D}.Release|x64.ActiveCfg = Release|x64
		{6E402239-A02D-4996-965E-67250A3D1F2D}.Release|x64.Build.0 = Release|x64
		{6E402239-A02D-4996-965E-67250A3D1F2D}.Release|x86.ActiveCfg = Release|Win32
		{6E402239-A02D-4996-965E-67250A3D1F2D}.Release|x86.Build.0 = Release|Win32
		{3DB5DD49-B918-4253-B2FB-6AD763819B53}.Debug|x64.ActiveCfg = Debug|x64
		{3DB5DD49-B918-4253-B2FB-6AD763819B53}.Debug|x64.Build.0 = Debug|x64
		{3DB5DD49-B918-4253-B2FB-6AD763819B53}.Debug|x86.ActiveCfg = Debug|Win32
		{3DB5DD49-B918-4253-B2FB-6AD763819B53}.Debug|x86.Build.0 = Debug|Win32
		{3DB5DD49-B918-4253-B2FB-6AD763819B53}.Release|x64.ActiveCfg = Release|x64
		{3DB5DD49-B918-4253-B2FB-6AD763819B53}.Release|x64.Build.0 = Release|x64
		{3DB5DD49-B918-4253-B2FB-6AD763819B53}.Release|x86.ActiveCfg = Release|Win32
		{3DB5DD49-B918-4253-B2FB-6AD763819B53}.Release|x86.Build.0 = Release|Win32
	EndGlobalSection
	GlobalSection(SolutionProperties) = preSolution
		HideSolutionNode = FALSE
	EndGlobalSection
	GlobalSection(ExtensibilityGlobals) = postSolution
		SolutionGuid = {98244A98-75C5-4A93-9261-32A837F2C33D}
	EndGlobalSection
EndGlobal
